// !$*UTF8*$!
{
	archiveVersion = 1;
	classes = {
	};
	objectVersion = 46;
	objects = {

/* Begin PBXBuildFile section */
		AB41D4631D3D78FD00DCE5C8 /* main.m in Sources */ = {isa = PBXBuildFile; fileRef = AB41D4621D3D78FD00DCE5C8 /* main.m */; };
		AB41D4661D3D78FD00DCE5C8 /* AppDelegate.m in Sources */ = {isa = PBXBuildFile; fileRef = AB41D4651D3D78FD00DCE5C8 /* AppDelegate.m */; };
		AB41D4691D3D78FD00DCE5C8 /* ViewController.m in Sources */ = {isa = PBXBuildFile; fileRef = AB41D4681D3D78FD00DCE5C8 /* ViewController.m */; };
		AB41D46C1D3D78FD00DCE5C8 /* Main.storyboard in Resources */ = {isa = PBXBuildFile; fileRef = AB41D46A1D3D78FD00DCE5C8 /* Main.storyboard */; };
		AB41D46E1D3D78FD00DCE5C8 /* Assets.xcassets in Resources */ = {isa = PBXBuildFile; fileRef = AB41D46D1D3D78FD00DCE5C8 /* Assets.xcassets */; };
		AB41D4711D3D78FD00DCE5C8 /* LaunchScreen.storyboard in Resources */ = {isa = PBXBuildFile; fileRef = AB41D46F1D3D78FD00DCE5C8 /* LaunchScreen.storyboard */; };
		AB41D47C1D3D78FD00DCE5C8 /* RottenMangoesTests.m in Sources */ = {isa = PBXBuildFile; fileRef = AB41D47B1D3D78FD00DCE5C8 /* RottenMangoesTests.m */; };
		AB41D4871D3D78FD00DCE5C8 /* RottenMangoesUITests.m in Sources */ = {isa = PBXBuildFile; fileRef = AB41D4861D3D78FD00DCE5C8 /* RottenMangoesUITests.m */; };
/* End PBXBuildFile section */

/* Begin PBXContainerItemProxy section */
		AB41D4781D3D78FD00DCE5C8 /* PBXContainerItemProxy */ = {
			isa = PBXContainerItemProxy;
			containerPortal = AB41D4561D3D78FD00DCE5C8 /* Project object */;
			proxyType = 1;
			remoteGlobalIDString = AB41D45D1D3D78FD00DCE5C8;
			remoteInfo = RottenMangoes;
		};
		AB41D4831D3D78FD00DCE5C8 /* PBXContainerItemProxy */ = {
			isa = PBXContainerItemProxy;
			containerPortal = AB41D4561D3D78FD00DCE5C8 /* Project object */;
			proxyType = 1;
			remoteGlobalIDString = AB41D45D1D3D78FD00DCE5C8;
			remoteInfo = RottenMangoes;
		};
/* End PBXContainerItemProxy section */

/* Begin PBXFileReference section */
		AB41D45E1D3D78FD00DCE5C8 /* RottenMangoes.app */ = {isa = PBXFileReference; explicitFileType = wrapper.application; includeInIndex = 0; path = RottenMangoes.app; sourceTree = BUILT_PRODUCTS_DIR; };
		AB41D4621D3D78FD00DCE5C8 /* main.m */ = {isa = PBXFileReference; lastKnownFileType = sourcecode.c.objc; path = main.m; sourceTree = "<group>"; };
		AB41D4641D3D78FD00DCE5C8 /* AppDelegate.h */ = {isa = PBXFileReference; lastKnownFileType = sourcecode.c.h; path = AppDelegate.h; sourceTree = "<group>"; };
		AB41D4651D3D78FD00DCE5C8 /* AppDelegate.m */ = {isa = PBXFileReference; lastKnownFileType = sourcecode.c.objc; path = AppDelegate.m; sourceTree = "<group>"; };
		AB41D4671D3D78FD00DCE5C8 /* ViewController.h */ = {isa = PBXFileReference; lastKnownFileType = sourcecode.c.h; path = ViewController.h; sourceTree = "<group>"; };
		AB41D4681D3D78FD00DCE5C8 /* ViewController.m */ = {isa = PBXFileReference; lastKnownFileType = sourcecode.c.objc; path = ViewController.m; sourceTree = "<group>"; };
		AB41D46B1D3D78FD00DCE5C8 /* Base */ = {isa = PBXFileReference; lastKnownFileType = file.storyboard; name = Base; path = Base.lproj/Main.storyboard; sourceTree = "<group>"; };
		AB41D46D1D3D78FD00DCE5C8 /* Assets.xcassets */ = {isa = PBXFileReference; lastKnownFileType = folder.assetcatalog; path = Assets.xcassets; sourceTree = "<group>"; };
		AB41D4701D3D78FD00DCE5C8 /* Base */ = {isa = PBXFileReference; lastKnownFileType = file.storyboard; name = Base; path = Base.lproj/LaunchScreen.storyboard; sourceTree = "<group>"; };
		AB41D4721D3D78FD00DCE5C8 /* Info.plist */ = {isa = PBXFileReference; lastKnownFileType = text.plist.xml; path = Info.plist; sourceTree = "<group>"; };
		AB41D4771D3D78FD00DCE5C8 /* RottenMangoesTests.xctest */ = {isa = PBXFileReference; explicitFileType = wrapper.cfbundle; includeInIndex = 0; path = RottenMangoesTests.xctest; sourceTree = BUILT_PRODUCTS_DIR; };
		AB41D47B1D3D78FD00DCE5C8 /* RottenMangoesTests.m */ = {isa = PBXFileReference; lastKnownFileType = sourcecode.c.objc; path = RottenMangoesTests.m; sourceTree = "<group>"; };
		AB41D47D1D3D78FD00DCE5C8 /* Info.plist */ = {isa = PBXFileReference; lastKnownFileType = text.plist.xml; path = Info.plist; sourceTree = "<group>"; };
		AB41D4821D3D78FD00DCE5C8 /* RottenMangoesUITests.xctest */ = {isa = PBXFileReference; explicitFileType = wrapper.cfbundle; includeInIndex = 0; path = RottenMangoesUITests.xctest; sourceTree = BUILT_PRODUCTS_DIR; };
		AB41D4861D3D78FD00DCE5C8 /* RottenMangoesUITests.m */ = {isa = PBXFileReference; lastKnownFileType = sourcecode.c.objc; path = RottenMangoesUITests.m; sourceTree = "<group>"; };
		AB41D4881D3D78FD00DCE5C8 /* Info.plist */ = {isa = PBXFileReference; lastKnownFileType = text.plist.xml; path = Info.plist; sourceTree = "<group>"; };
/* End PBXFileReference section */

/* Begin PBXFrameworksBuildPhase section */
		AB41D45B1D3D78FD00DCE5C8 /* Frameworks */ = {
			isa = PBXFrameworksBuildPhase;
			buildActionMask = 2147483647;
			files = (
			);
			runOnlyForDeploymentPostprocessing = 0;
		};
		AB41D4741D3D78FD00DCE5C8 /* Frameworks */ = {
			isa = PBXFrameworksBuildPhase;
			buildActionMask = 2147483647;
			files = (
			);
			runOnlyForDeploymentPostprocessing = 0;
		};
		AB41D47F1D3D78FD00DCE5C8 /* Frameworks */ = {
			isa = PBXFrameworksBuildPhase;
			buildActionMask = 2147483647;
			files = (
			);
			runOnlyForDeploymentPostprocessing = 0;
		};
/* End PBXFrameworksBuildPhase section */

/* Begin PBXGroup section */
		AB41D4551D3D78FD00DCE5C8 = {
			isa = PBXGroup;
			children = (
				AB41D4601D3D78FD00DCE5C8 /* RottenMangoes */,
				AB41D47A1D3D78FD00DCE5C8 /* RottenMangoesTests */,
				AB41D4851D3D78FD00DCE5C8 /* RottenMangoesUITests */,
				AB41D45F1D3D78FD00DCE5C8 /* Products */,
			);
			sourceTree = "<group>";
		};
		AB41D45F1D3D78FD00DCE5C8 /* Products */ = {
			isa = PBXGroup;
			children = (
				AB41D45E1D3D78FD00DCE5C8 /* RottenMangoes.app */,
				AB41D4771D3D78FD00DCE5C8 /* RottenMangoesTests.xctest */,
				AB41D4821D3D78FD00DCE5C8 /* RottenMangoesUITests.xctest */,
			);
			name = Products;
			sourceTree = "<group>";
		};
		AB41D4601D3D78FD00DCE5C8 /* RottenMangoes */ = {
			isa = PBXGroup;
			children = (
				AB41D4641D3D78FD00DCE5C8 /* AppDelegate.h */,
				AB41D4651D3D78FD00DCE5C8 /* AppDelegate.m */,
				AB41D4671D3D78FD00DCE5C8 /* ViewController.h */,
				AB41D4681D3D78FD00DCE5C8 /* ViewController.m */,
				AB41D46A1D3D78FD00DCE5C8 /* Main.storyboard */,
				AB41D46D1D3D78FD00DCE5C8 /* Assets.xcassets */,
				AB41D46F1D3D78FD00DCE5C8 /* LaunchScreen.storyboard */,
				AB41D4721D3D78FD00DCE5C8 /* Info.plist */,
				AB41D4611D3D78FD00DCE5C8 /* Supporting Files */,
			);
			path = RottenMangoes;
			sourceTree = "<group>";
		};
		AB41D4611D3D78FD00DCE5C8 /* Supporting Files */ = {
			isa = PBXGroup;
			children = (
				AB41D4621D3D78FD00DCE5C8 /* main.m */,
			);
			name = "Supporting Files";
			sourceTree = "<group>";
		};
		AB41D47A1D3D78FD00DCE5C8 /* RottenMangoesTests */ = {
			isa = PBXGroup;
			children = (
				AB41D47B1D3D78FD00DCE5C8 /* RottenMangoesTests.m */,
				AB41D47D1D3D78FD00DCE5C8 /* Info.plist */,
			);
			path = RottenMangoesTests;
			sourceTree = "<group>";
		};
		AB41D4851D3D78FD00DCE5C8 /* RottenMangoesUITests */ = {
			isa = PBXGroup;
			children = (
				AB41D4861D3D78FD00DCE5C8 /* RottenMangoesUITests.m */,
				AB41D4881D3D78FD00DCE5C8 /* Info.plist */,
			);
			path = RottenMangoesUITests;
			sourceTree = "<group>";
		};
/* End PBXGroup section */

/* Begin PBXNativeTarget section */
		AB41D45D1D3D78FD00DCE5C8 /* RottenMangoes */ = {
			isa = PBXNativeTarget;
			buildConfigurationList = AB41D48B1D3D78FD00DCE5C8 /* Build configuration list for PBXNativeTarget "RottenMangoes" */;
			buildPhases = (
				AB41D45A1D3D78FD00DCE5C8 /* Sources */,
				AB41D45B1D3D78FD00DCE5C8 /* Frameworks */,
				AB41D45C1D3D78FD00DCE5C8 /* Resources */,
			);
			buildRules = (
			);
			dependencies = (
			);
			name = RottenMangoes;
			productName = RottenMangoes;
			productReference = AB41D45E1D3D78FD00DCE5C8 /* RottenMangoes.app */;
			productType = "com.apple.product-type.application";
		};
		AB41D4761D3D78FD00DCE5C8 /* RottenMangoesTests */ = {
			isa = PBXNativeTarget;
			buildConfigurationList = AB41D48E1D3D78FD00DCE5C8 /* Build configuration list for PBXNativeTarget "RottenMangoesTests" */;
			buildPhases = (
				AB41D4731D3D78FD00DCE5C8 /* Sources */,
				AB41D4741D3D78FD00DCE5C8 /* Frameworks */,
				AB41D4751D3D78FD00DCE5C8 /* Resources */,
			);
			buildRules = (
			);
			dependencies = (
				AB41D4791D3D78FD00DCE5C8 /* PBXTargetDependency */,
			);
			name = RottenMangoesTests;
			productName = RottenMangoesTests;
			productReference = AB41D4771D3D78FD00DCE5C8 /* RottenMangoesTests.xctest */;
			productType = "com.apple.product-type.bundle.unit-test";
		};
		AB41D4811D3D78FD00DCE5C8 /* RottenMangoesUITests */ = {
			isa = PBXNativeTarget;
			buildConfigurationList = AB41D4911D3D78FD00DCE5C8 /* Build configuration list for PBXNativeTarget "RottenMangoesUITests" */;
			buildPhases = (
				AB41D47E1D3D78FD00DCE5C8 /* Sources */,
				AB41D47F1D3D78FD00DCE5C8 /* Frameworks */,
				AB41D4801D3D78FD00DCE5C8 /* Resources */,
			);
			buildRules = (
			);
			dependencies = (
				AB41D4841D3D78FD00DCE5C8 /* PBXTargetDependency */,
			);
			name = RottenMangoesUITests;
			productName = RottenMangoesUITests;
			productReference = AB41D4821D3D78FD00DCE5C8 /* RottenMangoesUITests.xctest */;
			productType = "com.apple.product-type.bundle.ui-testing";
		};
/* End PBXNativeTarget section */

/* Begin PBXProject section */
		AB41D4561D3D78FD00DCE5C8 /* Project object */ = {
			isa = PBXProject;
			attributes = {
				LastUpgradeCheck = 0730;
				ORGANIZATIONNAME = "JOSE PILAPIL";
				TargetAttributes = {
					AB41D45D1D3D78FD00DCE5C8 = {
						CreatedOnToolsVersion = 7.3.1;
					};
					AB41D4761D3D78FD00DCE5C8 = {
						CreatedOnToolsVersion = 7.3.1;
						TestTargetID = AB41D45D1D3D78FD00DCE5C8;
					};
					AB41D4811D3D78FD00DCE5C8 = {
						CreatedOnToolsVersion = 7.3.1;
						TestTargetID = AB41D45D1D3D78FD00DCE5C8;
					};
				};
			};
			buildConfigurationList = AB41D4591D3D78FD00DCE5C8 /* Build configuration list for PBXProject "RottenMangoes" */;
			compatibilityVersion = "Xcode 3.2";
			developmentRegion = English;
			hasScannedForEncodings = 0;
			knownRegions = (
				en,
				Base,
			);
			mainGroup = AB41D4551D3D78FD00DCE5C8;
			productRefGroup = AB41D45F1D3D78FD00DCE5C8 /* Products */;
			projectDirPath = "";
			projectRoot = "";
			targets = (
				AB41D45D1D3D78FD00DCE5C8 /* RottenMangoes */,
				AB41D4761D3D78FD00DCE5C8 /* RottenMangoesTests */,
				AB41D4811D3D78FD00DCE5C8 /* RottenMangoesUITests */,
			);
		};
/* End PBXProject section */

/* Begin PBXResourcesBuildPhase section */
		AB41D45C1D3D78FD00DCE5C8 /* Resources */ = {
			isa = PBXResourcesBuildPhase;
			buildActionMask = 2147483647;
			files = (
				AB41D4711D3D78FD00DCE5C8 /* LaunchScreen.storyboard in Resources */,
				AB41D46E1D3D78FD00DCE5C8 /* Assets.xcassets in Resources */,
				AB41D46C1D3D78FD00DCE5C8 /* Main.storyboard in Resources */,
			);
			runOnlyForDeploymentPostprocessing = 0;
		};
		AB41D4751D3D78FD00DCE5C8 /* Resources */ = {
			isa = PBXResourcesBuildPhase;
			buildActionMask = 2147483647;
			files = (
			);
			runOnlyForDeploymentPostprocessing = 0;
		};
		AB41D4801D3D78FD00DCE5C8 /* Resources */ = {
			isa = PBXResourcesBuildPhase;
			buildActionMask = 2147483647;
			files = (
			);
			runOnlyForDeploymentPostprocessing = 0;
		};
/* End PBXResourcesBuildPhase section */

/* Begin PBXSourcesBuildPhase section */
		AB41D45A1D3D78FD00DCE5C8 /* Sources */ = {
			isa = PBXSourcesBuildPhase;
			buildActionMask = 2147483647;
			files = (
				AB41D4691D3D78FD00DCE5C8 /* ViewController.m in Sources */,
				AB41D4661D3D78FD00DCE5C8 /* AppDelegate.m in Sources */,
				AB41D4631D3D78FD00DCE5C8 /* main.m in Sources */,
			);
			runOnlyForDeploymentPostprocessing = 0;
		};
		AB41D4731D3D78FD00DCE5C8 /* Sources */ = {
			isa = PBXSourcesBuildPhase;
			buildActionMask = 2147483647;
			files = (
				AB41D47C1D3D78FD00DCE5C8 /* RottenMangoesTests.m in Sources */,
			);
			runOnlyForDeploymentPostprocessing = 0;
		};
		AB41D47E1D3D78FD00DCE5C8 /* Sources */ = {
			isa = PBXSourcesBuildPhase;
			buildActionMask = 2147483647;
			files = (
				AB41D4871D3D78FD00DCE5C8 /* RottenMangoesUITests.m in Sources */,
			);
			runOnlyForDeploymentPostprocessing = 0;
		};
/* End PBXSourcesBuildPhase section */

/* Begin PBXTargetDependency section */
		AB41D4791D3D78FD00DCE5C8 /* PBXTargetDependency */ = {
			isa = PBXTargetDependency;
			target = AB41D45D1D3D78FD00DCE5C8 /* RottenMangoes */;
			targetProxy = AB41D4781D3D78FD00DCE5C8 /* PBXContainerItemProxy */;
		};
		AB41D4841D3D78FD00DCE5C8 /* PBXTargetDependency */ = {
			isa = PBXTargetDependency;
			target = AB41D45D1D3D78FD00DCE5C8 /* RottenMangoes */;
			targetProxy = AB41D4831D3D78FD00DCE5C8 /* PBXContainerItemProxy */;
		};
/* End PBXTargetDependency section */

/* Begin PBXVariantGroup section */
		AB41D46A1D3D78FD00DCE5C8 /* Main.storyboard */ = {
			isa = PBXVariantGroup;
			children = (
				AB41D46B1D3D78FD00DCE5C8 /* Base */,
			);
			name = Main.storyboard;
			sourceTree = "<group>";
		};
		AB41D46F1D3D78FD00DCE5C8 /* LaunchScreen.storyboard */ = {
			isa = PBXVariantGroup;
			children = (
				AB41D4701D3D78FD00DCE5C8 /* Base */,
			);
			name = LaunchScreen.storyboard;
			sourceTree = "<group>";
		};
/* End PBXVariantGroup section */

/* Begin XCBuildConfiguration section */
		AB41D4891D3D78FD00DCE5C8 /* Debug */ = {
			isa = XCBuildConfiguration;
			buildSettings = {
				ALWAYS_SEARCH_USER_PATHS = NO;
				CLANG_ANALYZER_NONNULL = YES;
				CLANG_CXX_LANGUAGE_STANDARD = "gnu++0x";
				CLANG_CXX_LIBRARY = "libc++";
				CLANG_ENABLE_MODULES = YES;
				CLANG_ENABLE_OBJC_ARC = YES;
				CLANG_WARN_BOOL_CONVERSION = YES;
				CLANG_WARN_CONSTANT_CONVERSION = YES;
				CLANG_WARN_DIRECT_OBJC_ISA_USAGE = YES_ERROR;
				CLANG_WARN_EMPTY_BODY = YES;
				CLANG_WARN_ENUM_CONVERSION = YES;
				CLANG_WARN_INT_CONVERSION = YES;
				CLANG_WARN_OBJC_ROOT_CLASS = YES_ERROR;
				CLANG_WARN_UNREACHABLE_CODE = YES;
				CLANG_WARN__DUPLICATE_METHOD_MATCH = YES;
				"CODE_SIGN_IDENTITY[sdk=iphoneos*]" = "iPhone Developer";
				COPY_PHASE_STRIP = NO;
				DEBUG_INFORMATION_FORMAT = dwarf;
				ENABLE_STRICT_OBJC_MSGSEND = YES;
				ENABLE_TESTABILITY = YES;
				GCC_C_LANGUAGE_STANDARD = gnu99;
				GCC_DYNAMIC_NO_PIC = NO;
				GCC_NO_COMMON_BLOCKS = YES;
				GCC_OPTIMIZATION_LEVEL = 0;
				GCC_PREPROCESSOR_DEFINITIONS = (
					"DEBUG=1",
					"$(inherited)",
				);
				GCC_WARN_64_TO_32_BIT_CONVERSION = YES;
				GCC_WARN_ABOUT_RETURN_TYPE = YES_ERROR;
				GCC_WARN_UNDECLARED_SELECTOR = YES;
				GCC_WARN_UNINITIALIZED_AUTOS = YES_AGGRESSIVE;
				GCC_WARN_UNUSED_FUNCTION = YES;
				GCC_WARN_UNUSED_VARIABLE = YES;
				IPHONEOS_DEPLOYMENT_TARGET = 9.3;
				MTL_ENABLE_DEBUG_INFO = YES;
				ONLY_ACTIVE_ARCH = YES;
				SDKROOT = iphoneos;
			};
			name = Debug;
		};
		AB41D48A1D3D78FD00DCE5C8 /* Release */ = {
			isa = XCBuildConfiguration;
			buildSettings = {
				ALWAYS_SEARCH_USER_PATHS = NO;
				CLANG_ANALYZER_NONNULL = YES;
				CLANG_CXX_LANGUAGE_STANDARD = "gnu++0x";
				CLANG_CXX_LIBRARY = "libc++";
				CLANG_ENABLE_MODULES = YES;
				CLANG_ENABLE_OBJC_ARC = YES;
				CLANG_WARN_BOOL_CONVERSION = YES;
				CLANG_WARN_CONSTANT_CONVERSION = YES;
				CLANG_WARN_DIRECT_OBJC_ISA_USAGE = YES_ERROR;
				CLANG_WARN_EMPTY_BODY = YES;
				CLANG_WARN_ENUM_CONVERSION = YES;
				CLANG_WARN_INT_CONVERSION = YES;
				CLANG_WARN_OBJC_ROOT_CLASS = YES_ERROR;
				CLANG_WARN_UNREACHABLE_CODE = YES;
				CLANG_WARN__DUPLICATE_METHOD_MATCH = YES;
				"CODE_SIGN_IDENTITY[sdk=iphoneos*]" = "iPhone Developer";
				COPY_PHASE_STRIP = NO;
				DEBUG_INFORMATION_FORMAT = "dwarf-with-dsym";
				ENABLE_NS_ASSERTIONS = NO;
				ENABLE_STRICT_OBJC_MSGSEND = YES;
				GCC_C_LANGUAGE_STANDARD = gnu99;
				GCC_NO_COMMON_BLOCKS = YES;
				GCC_WARN_64_TO_32_BIT_CONVERSION = YES;
				GCC_WARN_ABOUT_RETURN_TYPE = YES_ERROR;
				GCC_WARN_UNDECLARED_SELECTOR = YES;
				GCC_WARN_UNINITIALIZED_AUTOS = YES_AGGRESSIVE;
				GCC_WARN_UNUSED_FUNCTION = YES;
				GCC_WARN_UNUSED_VARIABLE = YES;
				IPHONEOS_DEPLOYMENT_TARGET = 9.3;
				MTL_ENABLE_DEBUG_INFO = NO;
				SDKROOT = iphoneos;
				VALIDATE_PRODUCT = YES;
			};
			name = Release;
		};
		AB41D48C1D3D78FD00DCE5C8 /* Debug */ = {
			isa = XCBuildConfiguration;
			buildSettings = {
				ASSETCATALOG_COMPILER_APPICON_NAME = AppIcon;
				INFOPLIST_FILE = RottenMangoes/Info.plist;
				LD_RUNPATH_SEARCH_PATHS = "$(inherited) @executable_path/Frameworks";
				PRODUCT_BUNDLE_IDENTIFIER = bananas.RottenMangoes;
				PRODUCT_NAME = "$(TARGET_NAME)";
			};
			name = Debug;
		};
		AB41D48D1D3D78FD00DCE5C8 /* Release */ = {
			isa = XCBuildConfiguration;
			buildSettings = {
				ASSETCATALOG_COMPILER_APPICON_NAME = AppIcon;
				INFOPLIST_FILE = RottenMangoes/Info.plist;
				LD_RUNPATH_SEARCH_PATHS = "$(inherited) @executable_path/Frameworks";
				PRODUCT_BUNDLE_IDENTIFIER = bananas.RottenMangoes;
				PRODUCT_NAME = "$(TARGET_NAME)";
			};
			name = Release;
		};
		AB41D48F1D3D78FD00DCE5C8 /* Debug */ = {
			isa = XCBuildConfiguration;
			buildSettings = {
				BUNDLE_LOADER = "$(TEST_HOST)";
				INFOPLIST_FILE = RottenMangoesTests/Info.plist;
				LD_RUNPATH_SEARCH_PATHS = "$(inherited) @executable_path/Frameworks @loader_path/Frameworks";
				PRODUCT_BUNDLE_IDENTIFIER = bananas.RottenMangoesTests;
				PRODUCT_NAME = "$(TARGET_NAME)";
				TEST_HOST = "$(BUILT_PRODUCTS_DIR)/RottenMangoes.app/RottenMangoes";
			};
			name = Debug;
		};
		AB41D4901D3D78FD00DCE5C8 /* Release */ = {
			isa = XCBuildConfiguration;
			buildSettings = {
				BUNDLE_LOADER = "$(TEST_HOST)";
				INFOPLIST_FILE = RottenMangoesTests/Info.plist;
				LD_RUNPATH_SEARCH_PATHS = "$(inherited) @executable_path/Frameworks @loader_path/Frameworks";
				PRODUCT_BUNDLE_IDENTIFIER = bananas.RottenMangoesTests;
				PRODUCT_NAME = "$(TARGET_NAME)";
				TEST_HOST = "$(BUILT_PRODUCTS_DIR)/RottenMangoes.app/RottenMangoes";
			};
			name = Release;
		};
		AB41D4921D3D78FD00DCE5C8 /* Debug */ = {
			isa = XCBuildConfiguration;
			buildSettings = {
				INFOPLIST_FILE = RottenMangoesUITests/Info.plist;
				LD_RUNPATH_SEARCH_PATHS = "$(inherited) @executable_path/Frameworks @loader_path/Frameworks";
				PRODUCT_BUNDLE_IDENTIFIER = bananas.RottenMangoesUITests;
				PRODUCT_NAME = "$(TARGET_NAME)";
				TEST_TARGET_NAME = RottenMangoes;
			};
			name = Debug;
		};
		AB41D4931D3D78FD00DCE5C8 /* Release */ = {
			isa = XCBuildConfiguration;
			buildSettings = {
				INFOPLIST_FILE = RottenMangoesUITests/Info.plist;
				LD_RUNPATH_SEARCH_PATHS = "$(inherited) @executable_path/Frameworks @loader_path/Frameworks";
				PRODUCT_BUNDLE_IDENTIFIER = bananas.RottenMangoesUITests;
				PRODUCT_NAME = "$(TARGET_NAME)";
				TEST_TARGET_NAME = RottenMangoes;
			};
			name = Release;
		};
/* End XCBuildConfiguration section */

/* Begin XCConfigurationList section */
		AB41D4591D3D78FD00DCE5C8 /* Build configuration list for PBXProject "RottenMangoes" */ = {
			isa = XCConfigurationList;
			buildConfigurations = (
				AB41D4891D3D78FD00DCE5C8 /* Debug */,
				AB41D48A1D3D78FD00DCE5C8 /* Release */,
			);
			defaultConfigurationIsVisible = 0;
			defaultConfigurationName = Release;
		};
		AB41D48B1D3D78FD00DCE5C8 /* Build configuration list for PBXNativeTarget "RottenMangoes" */ = {
			isa = XCConfigurationList;
			buildConfigurations = (
				AB41D48C1D3D78FD00DCE5C8 /* Debug */,
				AB41D48D1D3D78FD00DCE5C8 /* Release */,
			);
			defaultConfigurationIsVisible = 0;
		};
		AB41D48E1D3D78FD00DCE5C8 /* Build configuration list for PBXNativeTarget "RottenMangoesTests" */ = {
			isa = XCConfigurationList;
			buildConfigurations = (
				AB41D48F1D3D78FD00DCE5C8 /* Debug */,
				AB41D4901D3D78FD00DCE5C8 /* Release */,
			);
			defaultConfigurationIsVisible = 0;
		};
		AB41D4911D3D78FD00DCE5C8 /* Build configuration list for PBXNativeTarget "RottenMangoesUITests" */ = {
			isa = XCConfigurationList;
			buildConfigurations = (
				AB41D4921D3D78FD00DCE5C8 /* Debug */,
				AB41D4931D3D78FD00DCE5C8 /* Release */,
			);
			defaultConfigurationIsVisible = 0;
		};
/* End XCConfigurationList section */
	};
	rootObject = AB41D4561D3D78FD00DCE5C8 /* Project object */;
}
